
Microsoft Visual Studio Solution File, Format Version 12.00
# Visual Studio 15
Project("{FAE04EC0-301F-11D3-BF4B-00C04F79EFBC}") = "Assembly-CSharp", "Assembly-CSharp.csproj", "{18FECDA8-3384-F705-ED13-959983C358D3}"
EndProject
Project("{FAE04EC0-301F-11D3-BF4B-00C04F79EFBC}") = "Assembly-CSharp-firstpass", "Assembly-CSharp-firstpass.csproj", "{2D52DED2-F4E1-E973-7FED-AF50CDF637BF}"
EndProject
Project("{FAE04EC0-301F-11D3-BF4B-00C04F79EFBC}") = "Assembly-CSharp-Editor-firstpass", "Assembly-CSharp-Editor-firstpass.csproj", "{4EC999EA-2DE6-FD51-C39D-025111EA8358}"
EndProject
Global
	GlobalSection(SolutionConfigurationPlatforms) = preSolution
		Debug|Any CPU = Debug|Any CPU
		Release|Any CPU = Release|Any CPU
	EndGlobalSection
	GlobalSection(ProjectConfigurationPlatforms) = postSolution
		{18FECDA8-3384-F705-ED13-959983C358D3}.Debug|Any CPU.ActiveCfg = Debug|Any CPU
		{18FECDA8-3384-F705-ED13-959983C358D3}.Debug|Any CPU.Build.0 = Debug|Any CPU
		{18FECDA8-3384-F705-ED13-959983C358D3}.Release|Any CPU.ActiveCfg = Release|Any CPU
		{18FECDA8-3384-F705-ED13-959983C358D3}.Release|Any CPU.Build.0 = Release|Any CPU
		{2D52DED2-F4E1-E973-7FED-AF50CDF637BF}.Debug|Any CPU.ActiveCfg = Debug|Any CPU
		{2D52DED2-F4E1-E973-7FED-AF50CDF637BF}.Debug|Any CPU.Build.0 = Debug|Any CPU
		{2D52DED2-F4E1-E973-7FED-AF50CDF637BF}.Release|Any CPU.ActiveCfg = Release|Any CPU
		{2D52DED2-F4E1-E973-7FED-AF50CDF637BF}.Release|Any CPU.Build.0 = Release|Any CPU
		{4EC999EA-2DE6-FD51-C39D-025111EA8358}.Debug|Any CPU.ActiveCfg = Debug|Any CPU
		{4EC999EA-2DE6-FD51-C39D-025111EA8358}.Debug|Any CPU.Build.0 = Debug|Any CPU
		{4EC999EA-2DE6-FD51-C39D-025111EA8358}.Release|Any CPU.ActiveCfg = Release|Any CPU
		{4EC999EA-2DE6-FD51-C39D-025111EA8358}.Release|Any CPU.Build.0 = Release|Any CPU
	EndGlobalSection
	GlobalSection(SolutionProperties) = preSolution
		HideSolutionNode = FALSE
	EndGlobalSection
EndGlobal
